golang.org/x/sys v0.0.0-20180329131831-378d26f46672 h1:P+cuqFpXzcxn8UtAwY33SZdbHLKsmjveBNV9V+RoYgQ=
golang.org/x/sys v0.0.0-20180329131831-378d26f46672/go.mod h1:STP8DvDyc/dI5b8T5hshtkjS+E42TnysNCUPdjciGhY=
golang.org/x/tools v0.0.0-20180628163957-1c99e1239a0c h1:zJ70qBq8gWwNDTBR2OulvxomnfZa6SGvuAkZVG1hkUg=
golang.org/x/tools v0.0.0-20180628163957-1c99e1239a0c/go.mod h1:n7NCudcB/nEzxVGmLbDWY5pfWTLqBcC2KZ6jyYvM4mQ=
golang.org/x/tools/go v0.0.0-20180628163957-1c99e1239a0c/go.mod h1:G7mAYYxgmS0lVkHyy2hEOLQCFB0DlQFTMLWggykrydY=
golang.org/x/tools/go/ast v0.0.0-20180628163957-1c99e1239a0c/go.mod h1:G7mAYYxgmS0lVkHyy2hEOLQCFB0DlQFTMLWggykrydY=
golang.org/x/tools/go/ast/astutil v0.0.0-20180628163957-1c99e1239a0c/go.mod h1:G7mAYYxgmS0lVkHyy2hEOLQCFB0DlQFTMLWggykrydY=
