gg-scm.io/pkg/git v0.6.0 h1:V3ZmrsYAvuW76JUmb4cy2BJKc1eDg3oNg7l67esms00=
gg-scm.io/pkg/git v0.6.0/go.mod h1:sjr2w1P0YOu6j4zPeeMA4/brkaBZyGyN+ROlcWMiTO0=
github.com/google/go-cmp v0.3.0 h1:crn/baboCvb5fXaQ0IJ1SGTsTVrWpDsCWC8EGETZijY=
github.com/google/go-cmp v0.3.0/go.mod h1:8QqcDgzrUqlUb/G2PQTWiueGozuR1884gddMywk6iLU=
golang.org/x/sys v0.0.0-20180329131831-378d26f46672 h1:P+cuqFpXzcxn8UtAwY33SZdbHLKsmjveBNV9V+RoYgQ=
golang.org/x/sys v0.0.0-20180329131831-378d26f46672/go.mod h1:STP8DvDyc/dI5b8T5hshtkjS+E42TnysNCUPdjciGhY=
golang.org/x/sys v0.0.0-20200905004654-be1d3432aa8f h1:Fqb3ao1hUmOR3GkUOg/Y+BadLwykBIzs5q8Ez2SbHyc=
golang.org/x/sys v0.0.0-20200905004654-be1d3432aa8f/go.mod h1:h1NjWce9XRLGQEsW7wpKNCjG9DtNlClVuFLEZdDNbEs=
golang.org/x/tools v0.0.0-20180628163957-1c99e1239a0c h1:zJ70qBq8gWwNDTBR2OulvxomnfZa6SGvuAkZVG1hkUg=
golang.org/x/tools v0.0.0-20180628163957-1c99e1239a0c/go.mod h1:n7NCudcB/nEzxVGmLbDWY5pfWTLqBcC2KZ6jyYvM4mQ=
